// !$*UTF8*$!
{
	archiveVersion = 1;
	classes = {
	};
	objectVersion = 50;
	objects = {

/* Begin PBXBuildFile section */
		558301DE249ACAC200586057 /* AppDelegate.swift in Sources */ = {isa = PBXBuildFile; fileRef = 558301DD249ACAC200586057 /* AppDelegate.swift */; };
		558301E0249ACAC200586057 /* SceneDelegate.swift in Sources */ = {isa = PBXBuildFile; fileRef = 558301DF249ACAC200586057 /* SceneDelegate.swift */; };
		558301E2249ACAC200586057 /* ViewController.swift in Sources */ = {isa = PBXBuildFile; fileRef = 558301E1249ACAC200586057 /* ViewController.swift */; };
		558301E5249ACAC200586057 /* Main.storyboard in Resources */ = {isa = PBXBuildFile; fileRef = 558301E3249ACAC200586057 /* Main.storyboard */; };
		558301E7249ACAC400586057 /* Assets.xcassets in Resources */ = {isa = PBXBuildFile; fileRef = 558301E6249ACAC400586057 /* Assets.xcassets */; };
		558301EA249ACAC400586057 /* LaunchScreen.storyboard in Resources */ = {isa = PBXBuildFile; fileRef = 558301E8249ACAC400586057 /* LaunchScreen.storyboard */; };
		558301F5249ACAC400586057 /* gpaGuardTests.swift in Sources */ = {isa = PBXBuildFile; fileRef = 558301F4249ACAC400586057 /* gpaGuardTests.swift */; };
		55830200249ACAC400586057 /* gpaGuardUITests.swift in Sources */ = {isa = PBXBuildFile; fileRef = 558301FF249ACAC400586057 /* gpaGuardUITests.swift */; };
/* End PBXBuildFile section */

/* Begin PBXContainerItemProxy section */
		558301F1249ACAC400586057 /* PBXContainerItemProxy */ = {
			isa = PBXContainerItemProxy;
			containerPortal = 558301D2249ACAC200586057 /* Project object */;
			proxyType = 1;
			remoteGlobalIDString = 558301D9249ACAC200586057;
			remoteInfo = gpaGuard;
		};
		558301FC249ACAC400586057 /* PBXContainerItemProxy */ = {
			isa = PBXContainerItemProxy;
			containerPortal = 558301D2249ACAC200586057 /* Project object */;
			proxyType = 1;
			remoteGlobalIDString = 558301D9249ACAC200586057;
			remoteInfo = gpaGuard;
		};
/* End PBXContainerItemProxy section */

/* Begin PBXFileReference section */
		558301DA249ACAC200586057 /* gpaGuard.app */ = {isa = PBXFileReference; explicitFileType = wrapper.application; includeInIndex = 0; path = gpaGuard.app; sourceTree = BUILT_PRODUCTS_DIR; };
		558301DD249ACAC200586057 /* AppDelegate.swift */ = {isa = PBXFileReference; lastKnownFileType = sourcecode.swift; path = AppDelegate.swift; sourceTree = "<group>"; };
		558301DF249ACAC200586057 /* SceneDelegate.swift */ = {isa = PBXFileReference; lastKnownFileType = sourcecode.swift; path = SceneDelegate.swift; sourceTree = "<group>"; };
		558301E1249ACAC200586057 /* ViewController.swift */ = {isa = PBXFileReference; lastKnownFileType = sourcecode.swift; path = ViewController.swift; sourceTree = "<group>"; };
		558301E4249ACAC200586057 /* Base */ = {isa = PBXFileReference; lastKnownFileType = file.storyboard; name = Base; path = Base.lproj/Main.storyboard; sourceTree = "<group>"; };
		558301E6249ACAC400586057 /* Assets.xcassets */ = {isa = PBXFileReference; lastKnownFileType = folder.assetcatalog; path = Assets.xcassets; sourceTree = "<group>"; };
		558301E9249ACAC400586057 /* Base */ = {isa = PBXFileReference; lastKnownFileType = file.storyboard; name = Base; path = Base.lproj/LaunchScreen.storyboard; sourceTree = "<group>"; };
		558301EB249ACAC400586057 /* Info.plist */ = {isa = PBXFileReference; lastKnownFileType = text.plist.xml; path = Info.plist; sourceTree = "<group>"; };
		558301F0249ACAC400586057 /* gpaGuardTests.xctest */ = {isa = PBXFileReference; explicitFileType = wrapper.cfbundle; includeInIndex = 0; path = gpaGuardTests.xctest; sourceTree = BUILT_PRODUCTS_DIR; };
		558301F4249ACAC400586057 /* gpaGuardTests.swift */ = {isa = PBXFileReference; lastKnownFileType = sourcecode.swift; path = gpaGuardTests.swift; sourceTree = "<group>"; };
		558301F6249ACAC400586057 /* Info.plist */ = {isa = PBXFileReference; lastKnownFileType = text.plist.xml; path = Info.plist; sourceTree = "<group>"; };
		558301FB249ACAC400586057 /* gpaGuardUITests.xctest */ = {isa = PBXFileReference; explicitFileType = wrapper.cfbundle; includeInIndex = 0; path = gpaGuardUITests.xctest; sourceTree = BUILT_PRODUCTS_DIR; };
		558301FF249ACAC400586057 /* gpaGuardUITests.swift */ = {isa = PBXFileReference; lastKnownFileType = sourcecode.swift; path = gpaGuardUITests.swift; sourceTree = "<group>"; };
		55830201249ACAC400586057 /* Info.plist */ = {isa = PBXFileReference; lastKnownFileType = text.plist.xml; path = Info.plist; sourceTree = "<group>"; };
/* End PBXFileReference section */

/* Begin PBXFrameworksBuildPhase section */
		558301D7249ACAC200586057 /* Frameworks */ = {
			isa = PBXFrameworksBuildPhase;
			buildActionMask = 2147483647;
			files = (
			);
			runOnlyForDeploymentPostprocessing = 0;
		};
		558301ED249ACAC400586057 /* Frameworks */ = {
			isa = PBXFrameworksBuildPhase;
			buildActionMask = 2147483647;
			files = (
			);
			runOnlyForDeploymentPostprocessing = 0;
		};
		558301F8249ACAC400586057 /* Frameworks */ = {
			isa = PBXFrameworksBuildPhase;
			buildActionMask = 2147483647;
			files = (
			);
			runOnlyForDeploymentPostprocessing = 0;
		};
/* End PBXFrameworksBuildPhase section */

/* Begin PBXGroup section */
		558301D1249ACAC200586057 = {
			isa = PBXGroup;
			children = (
				558301DC249ACAC200586057 /* gpaGuard */,
				558301F3249ACAC400586057 /* gpaGuardTests */,
				558301FE249ACAC400586057 /* gpaGuardUITests */,
				558301DB249ACAC200586057 /* Products */,
			);
			sourceTree = "<group>";
		};
		558301DB249ACAC200586057 /* Products */ = {
			isa = PBXGroup;
			children = (
				558301DA249ACAC200586057 /* gpaGuard.app */,
				558301F0249ACAC400586057 /* gpaGuardTests.xctest */,
				558301FB249ACAC400586057 /* gpaGuardUITests.xctest */,
			);
			name = Products;
			sourceTree = "<group>";
		};
		558301DC249ACAC200586057 /* gpaGuard */ = {
			isa = PBXGroup;
			children = (
				558301DD249ACAC200586057 /* AppDelegate.swift */,
				558301DF249ACAC200586057 /* SceneDelegate.swift */,
				558301E1249ACAC200586057 /* ViewController.swift */,
				558301E3249ACAC200586057 /* Main.storyboard */,
				558301E6249ACAC400586057 /* Assets.xcassets */,
				558301E8249ACAC400586057 /* LaunchScreen.storyboard */,
				558301EB249ACAC400586057 /* Info.plist */,
			);
			path = gpaGuard;
			sourceTree = "<group>";
		};
		558301F3249ACAC400586057 /* gpaGuardTests */ = {
			isa = PBXGroup;
			children = (
				558301F4249ACAC400586057 /* gpaGuardTests.swift */,
				558301F6249ACAC400586057 /* Info.plist */,
			);
			path = gpaGuardTests;
			sourceTree = "<group>";
		};
		558301FE249ACAC400586057 /* gpaGuardUITests */ = {
			isa = PBXGroup;
			children = (
				558301FF249ACAC400586057 /* gpaGuardUITests.swift */,
				55830201249ACAC400586057 /* Info.plist */,
			);
			path = gpaGuardUITests;
			sourceTree = "<group>";
		};
/* End PBXGroup section */

/* Begin PBXNativeTarget section */
		558301D9249ACAC200586057 /* gpaGuard */ = {
			isa = PBXNativeTarget;
			buildConfigurationList = 55830204249ACAC400586057 /* Build configuration list for PBXNativeTarget "gpaGuard" */;
			buildPhases = (
				558301D6249ACAC200586057 /* Sources */,
				558301D7249ACAC200586057 /* Frameworks */,
				558301D8249ACAC200586057 /* Resources */,
			);
			buildRules = (
			);
			dependencies = (
			);
			name = gpaGuard;
			productName = gpaGuard;
			productReference = 558301DA249ACAC200586057 /* gpaGuard.app */;
			productType = "com.apple.product-type.application";
		};
		558301EF249ACAC400586057 /* gpaGuardTests */ = {
			isa = PBXNativeTarget;
			buildConfigurationList = 55830207249ACAC400586057 /* Build configuration list for PBXNativeTarget "gpaGuardTests" */;
			buildPhases = (
				558301EC249ACAC400586057 /* Sources */,
				558301ED249ACAC400586057 /* Frameworks */,
				558301EE249ACAC400586057 /* Resources */,
			);
			buildRules = (
			);
			dependencies = (
				558301F2249ACAC400586057 /* PBXTargetDependency */,
			);
			name = gpaGuardTests;
			productName = gpaGuardTests;
			productReference = 558301F0249ACAC400586057 /* gpaGuardTests.xctest */;
			productType = "com.apple.product-type.bundle.unit-test";
		};
		558301FA249ACAC400586057 /* gpaGuardUITests */ = {
			isa = PBXNativeTarget;
			buildConfigurationList = 5583020A249ACAC400586057 /* Build configuration list for PBXNativeTarget "gpaGuardUITests" */;
			buildPhases = (
				558301F7249ACAC400586057 /* Sources */,
				558301F8249ACAC400586057 /* Frameworks */,
				558301F9249ACAC400586057 /* Resources */,
			);
			buildRules = (
			);
			dependencies = (
				558301FD249ACAC400586057 /* PBXTargetDependency */,
			);
			name = gpaGuardUITests;
			productName = gpaGuardUITests;
			productReference = 558301FB249ACAC400586057 /* gpaGuardUITests.xctest */;
			productType = "com.apple.product-type.bundle.ui-testing";
		};
/* End PBXNativeTarget section */

/* Begin PBXProject section */
		558301D2249ACAC200586057 /* Project object */ = {
			isa = PBXProject;
			attributes = {
				LastSwiftUpdateCheck = 1150;
				LastUpgradeCheck = 1150;
				ORGANIZATIONNAME = "Sri Kamal Venkata Chillarage";
				TargetAttributes = {
					558301D9249ACAC200586057 = {
						CreatedOnToolsVersion = 11.5;
					};
					558301EF249ACAC400586057 = {
						CreatedOnToolsVersion = 11.5;
						TestTargetID = 558301D9249ACAC200586057;
					};
					558301FA249ACAC400586057 = {
						CreatedOnToolsVersion = 11.5;
						TestTargetID = 558301D9249ACAC200586057;
					};
				};
			};
			buildConfigurationList = 558301D5249ACAC200586057 /* Build configuration list for PBXProject "gpaGuard" */;
			compatibilityVersion = "Xcode 9.3";
			developmentRegion = en;
			hasScannedForEncodings = 0;
			knownRegions = (
				en,
				Base,
			);
			mainGroup = 558301D1249ACAC200586057;
			productRefGroup = 558301DB249ACAC200586057 /* Products */;
			projectDirPath = "";
			projectRoot = "";
			targets = (
				558301D9249ACAC200586057 /* gpaGuard */,
				558301EF249ACAC400586057 /* gpaGuardTests */,
				558301FA249ACAC400586057 /* gpaGuardUITests */,
			);
		};
/* End PBXProject section */

/* Begin PBXResourcesBuildPhase section */
		558301D8249ACAC200586057 /* Resources */ = {
			isa = PBXResourcesBuildPhase;
			buildActionMask = 2147483647;
			files = (
				558301EA249ACAC400586057 /* LaunchScreen.storyboard in Resources */,
				558301E7249ACAC400586057 /* Assets.xcassets in Resources */,
				558301E5249ACAC200586057 /* Main.storyboard in Resources */,
			);
			runOnlyForDeploymentPostprocessing = 0;
		};
		558301EE249ACAC400586057 /* Resources */ = {
			isa = PBXResourcesBuildPhase;
			buildActionMask = 2147483647;
			files = (
			);
			runOnlyForDeploymentPostprocessing = 0;
		};
		558301F9249ACAC400586057 /* Resources */ = {
			isa = PBXResourcesBuildPhase;
			buildActionMask = 2147483647;
			files = (
			);
			runOnlyForDeploymentPostprocessing = 0;
		};
/* End PBXResourcesBuildPhase section */

/* Begin PBXSourcesBuildPhase section */
		558301D6249ACAC200586057 /* Sources */ = {
			isa = PBXSourcesBuildPhase;
			buildActionMask = 2147483647;
			files = (
				558301E2249ACAC200586057 /* ViewController.swift in Sources */,
				558301DE249ACAC200586057 /* AppDelegate.swift in Sources */,
				558301E0249ACAC200586057 /* SceneDelegate.swift in Sources */,
			);
			runOnlyForDeploymentPostprocessing = 0;
		};
		558301EC249ACAC400586057 /* Sources */ = {
			isa = PBXSourcesBuildPhase;
			buildActionMask = 2147483647;
			files = (
				558301F5249ACAC400586057 /* gpaGuardTests.swift in Sources */,
			);
			runOnlyForDeploymentPostprocessing = 0;
		};
		558301F7249ACAC400586057 /* Sources */ = {
			isa = PBXSourcesBuildPhase;
			buildActionMask = 2147483647;
			files = (
				55830200249ACAC400586057 /* gpaGuardUITests.swift in Sources */,
			);
			runOnlyForDeploymentPostprocessing = 0;
		};
/* End PBXSourcesBuildPhase section */

/* Begin PBXTargetDependency section */
		558301F2249ACAC400586057 /* PBXTargetDependency */ = {
			isa = PBXTargetDependency;
			target = 558301D9249ACAC200586057 /* gpaGuard */;
			targetProxy = 558301F1249ACAC400586057 /* PBXContainerItemProxy */;
		};
		558301FD249ACAC400586057 /* PBXTargetDependency */ = {
			isa = PBXTargetDependency;
			target = 558301D9249ACAC200586057 /* gpaGuard */;
			targetProxy = 558301FC249ACAC400586057 /* PBXContainerItemProxy */;
		};
/* End PBXTargetDependency section */

/* Begin PBXVariantGroup section */
		558301E3249ACAC200586057 /* Main.storyboard */ = {
			isa = PBXVariantGroup;
			children = (
				558301E4249ACAC200586057 /* Base */,
			);
			name = Main.storyboard;
			sourceTree = "<group>";
		};
		558301E8249ACAC400586057 /* LaunchScreen.storyboard */ = {
			isa = PBXVariantGroup;
			children = (
				558301E9249ACAC400586057 /* Base */,
			);
			name = LaunchScreen.storyboard;
			sourceTree = "<group>";
		};
/* End PBXVariantGroup section */

/* Begin XCBuildConfiguration section */
		55830202249ACAC400586057 /* Debug */ = {
			isa = XCBuildConfiguration;
			buildSettings = {
				ALWAYS_SEARCH_USER_PATHS = NO;
				CLANG_ANALYZER_NONNULL = YES;
				CLANG_ANALYZER_NUMBER_OBJECT_CONVERSION = YES_AGGRESSIVE;
				CLANG_CXX_LANGUAGE_STANDARD = "gnu++14";
				CLANG_CXX_LIBRARY = "libc++";
				CLANG_ENABLE_MODULES = YES;
				CLANG_ENABLE_OBJC_ARC = YES;
				CLANG_ENABLE_OBJC_WEAK = YES;
				CLANG_WARN_BLOCK_CAPTURE_AUTORELEASING = YES;
				CLANG_WARN_BOOL_CONVERSION = YES;
				CLANG_WARN_COMMA = YES;
				CLANG_WARN_CONSTANT_CONVERSION = YES;
				CLANG_WARN_DEPRECATED_OBJC_IMPLEMENTATIONS = YES;
				CLANG_WARN_DIRECT_OBJC_ISA_USAGE = YES_ERROR;
				CLANG_WARN_DOCUMENTATION_COMMENTS = YES;
				CLANG_WARN_EMPTY_BODY = YES;
				CLANG_WARN_ENUM_CONVERSION = YES;
				CLANG_WARN_INFINITE_RECURSION = YES;
				CLANG_WARN_INT_CONVERSION = YES;
				CLANG_WARN_NON_LITERAL_NULL_CONVERSION = YES;
				CLANG_WARN_OBJC_IMPLICIT_RETAIN_SELF = YES;
				CLANG_WARN_OBJC_LITERAL_CONVERSION = YES;
				CLANG_WARN_OBJC_ROOT_CLASS = YES_ERROR;
				CLANG_WARN_RANGE_LOOP_ANALYSIS = YES;
				CLANG_WARN_STRICT_PROTOTYPES = YES;
				CLANG_WARN_SUSPICIOUS_MOVE = YES;
				CLANG_WARN_UNGUARDED_AVAILABILITY = YES_AGGRESSIVE;
				CLANG_WARN_UNREACHABLE_CODE = YES;
				CLANG_WARN__DUPLICATE_METHOD_MATCH = YES;
				COPY_PHASE_STRIP = NO;
				DEBUG_INFORMATION_FORMAT = dwarf;
				ENABLE_STRICT_OBJC_MSGSEND = YES;
				ENABLE_TESTABILITY = YES;
				GCC_C_LANGUAGE_STANDARD = gnu11;
				GCC_DYNAMIC_NO_PIC = NO;
				GCC_NO_COMMON_BLOCKS = YES;
				GCC_OPTIMIZATION_LEVEL = 0;
				GCC_PREPROCESSOR_DEFINITIONS = (
					"DEBUG=1",
					"$(inherited)",
				);
				GCC_WARN_64_TO_32_BIT_CONVERSION = YES;
				GCC_WARN_ABOUT_RETURN_TYPE = YES_ERROR;
				GCC_WARN_UNDECLARED_SELECTOR = YES;
				GCC_WARN_UNINITIALIZED_AUTOS = YES_AGGRESSIVE;
				GCC_WARN_UNUSED_FUNCTION = YES;
				GCC_WARN_UNUSED_VARIABLE = YES;
				IPHONEOS_DEPLOYMENT_TARGET = 13.5;
				MTL_ENABLE_DEBUG_INFO = INCLUDE_SOURCE;
				MTL_FAST_MATH = YES;
				ONLY_ACTIVE_ARCH = YES;
				SDKROOT = iphoneos;
				SWIFT_ACTIVE_COMPILATION_CONDITIONS = DEBUG;
				SWIFT_OPTIMIZATION_LEVEL = "-Onone";
			};
			name = Debug;
		};
		55830203249ACAC400586057 /* Release */ = {
			isa = XCBuildConfiguration;
			buildSettings = {
				ALWAYS_SEARCH_USER_PATHS = NO;
				CLANG_ANALYZER_NONNULL = YES;
				CLANG_ANALYZER_NUMBER_OBJECT_CONVERSION = YES_AGGRESSIVE;
				CLANG_CXX_LANGUAGE_STANDARD = "gnu++14";
				CLANG_CXX_LIBRARY = "libc++";
				CLANG_ENABLE_MODULES = YES;
				CLANG_ENABLE_OBJC_ARC = YES;
				CLANG_ENABLE_OBJC_WEAK = YES;
				CLANG_WARN_BLOCK_CAPTURE_AUTORELEASING = YES;
				CLANG_WARN_BOOL_CONVERSION = YES;
				CLANG_WARN_COMMA = YES;
				CLANG_WARN_CONSTANT_CONVERSION = YES;
				CLANG_WARN_DEPRECATED_OBJC_IMPLEMENTATIONS = YES;
				CLANG_WARN_DIRECT_OBJC_ISA_USAGE = YES_ERROR;
				CLANG_WARN_DOCUMENTATION_COMMENTS = YES;
				CLANG_WARN_EMPTY_BODY = YES;
				CLANG_WARN_ENUM_CONVERSION = YES;
				CLANG_WARN_INFINITE_RECURSION = YES;
				CLANG_WARN_INT_CONVERSION = YES;
				CLANG_WARN_NON_LITERAL_NULL_CONVERSION = YES;
				CLANG_WARN_OBJC_IMPLICIT_RETAIN_SELF = YES;
				CLANG_WARN_OBJC_LITERAL_CONVERSION = YES;
				CLANG_WARN_OBJC_ROOT_CLASS = YES_ERROR;
				CLANG_WARN_RANGE_LOOP_ANALYSIS = YES;
				CLANG_WARN_STRICT_PROTOTYPES = YES;
				CLANG_WARN_SUSPICIOUS_MOVE = YES;
				CLANG_WARN_UNGUARDED_AVAILABILITY = YES_AGGRESSIVE;
				CLANG_WARN_UNREACHABLE_CODE = YES;
				CLANG_WARN__DUPLICATE_METHOD_MATCH = YES;
				COPY_PHASE_STRIP = NO;
				DEBUG_INFORMATION_FORMAT = "dwarf-with-dsym";
				ENABLE_NS_ASSERTIONS = NO;
				ENABLE_STRICT_OBJC_MSGSEND = YES;
				GCC_C_LANGUAGE_STANDARD = gnu11;
				GCC_NO_COMMON_BLOCKS = YES;
				GCC_WARN_64_TO_32_BIT_CONVERSION = YES;
				GCC_WARN_ABOUT_RETURN_TYPE = YES_ERROR;
				GCC_WARN_UNDECLARED_SELECTOR = YES;
				GCC_WARN_UNINITIALIZED_AUTOS = YES_AGGRESSIVE;
				GCC_WARN_UNUSED_FUNCTION = YES;
				GCC_WARN_UNUSED_VARIABLE = YES;
				IPHONEOS_DEPLOYMENT_TARGET = 13.5;
				MTL_ENABLE_DEBUG_INFO = NO;
				MTL_FAST_MATH = YES;
				SDKROOT = iphoneos;
				SWIFT_COMPILATION_MODE = wholemodule;
				SWIFT_OPTIMIZATION_LEVEL = "-O";
				VALIDATE_PRODUCT = YES;
			};
			name = Release;
		};
		55830205249ACAC400586057 /* Debug */ = {
			isa = XCBuildConfiguration;
			buildSettings = {
				ASSETCATALOG_COMPILER_APPICON_NAME = AppIcon;
				CODE_SIGN_STYLE = Automatic;
				DEVELOPMENT_TEAM = R734GMPV5C;
				INFOPLIST_FILE = gpaGuard/Info.plist;
				LD_RUNPATH_SEARCH_PATHS = (
					"$(inherited)",
					"@executable_path/Frameworks",
				);
				PRODUCT_BUNDLE_IDENTIFIER = "Sri-Kamal.gpaGuard";
				PRODUCT_NAME = "$(TARGET_NAME)";
				SWIFT_VERSION = 5.0;
				TARGETED_DEVICE_FAMILY = "1,2";
			};
			name = Debug;
		};
		55830206249ACAC400586057 /* Release */ = {
			isa = XCBuildConfiguration;
			buildSettings = {
				ASSETCATALOG_COMPILER_APPICON_NAME = AppIcon;
				CODE_SIGN_STYLE = Automatic;
				DEVELOPMENT_TEAM = R734GMPV5C;
				INFOPLIST_FILE = gpaGuard/Info.plist;
				LD_RUNPATH_SEARCH_PATHS = (
					"$(inherited)",
					"@executable_path/Frameworks",
				);
				PRODUCT_BUNDLE_IDENTIFIER = "Sri-Kamal.gpaGuard";
				PRODUCT_NAME = "$(TARGET_NAME)";
				SWIFT_VERSION = 5.0;
				TARGETED_DEVICE_FAMILY = "1,2";
			};
			name = Release;
		};
		55830208249ACAC400586057 /* Debug */ = {
			isa = XCBuildConfiguration;
			buildSettings = {
				ALWAYS_EMBED_SWIFT_STANDARD_LIBRARIES = YES;
				BUNDLE_LOADER = "$(TEST_HOST)";
				CODE_SIGN_STYLE = Automatic;
				DEVELOPMENT_TEAM = R734GMPV5C;
				INFOPLIST_FILE = gpaGuardTests/Info.plist;
				IPHONEOS_DEPLOYMENT_TARGET = 13.5;
				LD_RUNPATH_SEARCH_PATHS = (
					"$(inherited)",
					"@executable_path/Frameworks",
					"@loader_path/Frameworks",
				);
				PRODUCT_BUNDLE_IDENTIFIER = "Sri-Kamal.gpaGuardTests";
				PRODUCT_NAME = "$(TARGET_NAME)";
				SWIFT_VERSION = 5.0;
				TARGETED_DEVICE_FAMILY = "1,2";
				TEST_HOST = "$(BUILT_PRODUCTS_DIR)/gpaGuard.app/gpaGuard";
			};
			name = Debug;
		};
		55830209249ACAC400586057 /* Release */ = {
			isa = XCBuildConfiguration;
			buildSettings = {
				ALWAYS_EMBED_SWIFT_STANDARD_LIBRARIES = YES;
				BUNDLE_LOADER = "$(TEST_HOST)";
				CODE_SIGN_STYLE = Automatic;
				DEVELOPMENT_TEAM = R734GMPV5C;
				INFOPLIST_FILE = gpaGuardTests/Info.plist;
				IPHONEOS_DEPLOYMENT_TARGET = 13.5;
				LD_RUNPATH_SEARCH_PATHS = (
					"$(inherited)",
					"@executable_path/Frameworks",
					"@loader_path/Frameworks",
				);
				PRODUCT_BUNDLE_IDENTIFIER = "Sri-Kamal.gpaGuardTests";
				PRODUCT_NAME = "$(TARGET_NAME)";
				SWIFT_VERSION = 5.0;
				TARGETED_DEVICE_FAMILY = "1,2";
				TEST_HOST = "$(BUILT_PRODUCTS_DIR)/gpaGuard.app/gpaGuard";
			};
			name = Release;
		};
		5583020B249ACAC400586057 /* Debug */ = {
			isa = XCBuildConfiguration;
			buildSettings = {
				ALWAYS_EMBED_SWIFT_STANDARD_LIBRARIES = YES;
				CODE_SIGN_STYLE = Automatic;
				DEVELOPMENT_TEAM = R734GMPV5C;
				INFOPLIST_FILE = gpaGuardUITests/Info.plist;
				LD_RUNPATH_SEARCH_PATHS = (
					"$(inherited)",
					"@executable_path/Frameworks",
					"@loader_path/Frameworks",
				);
				PRODUCT_BUNDLE_IDENTIFIER = "Sri-Kamal.gpaGuardUITests";
				PRODUCT_NAME = "$(TARGET_NAME)";
				SWIFT_VERSION = 5.0;
				TARGETED_DEVICE_FAMILY = "1,2";
				TEST_TARGET_NAME = gpaGuard;
			};
			name = Debug;
		};
		5583020C249ACAC400586057 /* Release */ = {
			isa = XCBuildConfiguration;
			buildSettings = {
				ALWAYS_EMBED_SWIFT_STANDARD_LIBRARIES = YES;
				CODE_SIGN_STYLE = Automatic;
				DEVELOPMENT_TEAM = R734GMPV5C;
				INFOPLIST_FILE = gpaGuardUITests/Info.plist;
				LD_RUNPATH_SEARCH_PATHS = (
					"$(inherited)",
					"@executable_path/Frameworks",
					"@loader_path/Frameworks",
				);
				PRODUCT_BUNDLE_IDENTIFIER = "Sri-Kamal.gpaGuardUITests";
				PRODUCT_NAME = "$(TARGET_NAME)";
				SWIFT_VERSION = 5.0;
				TARGETED_DEVICE_FAMILY = "1,2";
				TEST_TARGET_NAME = gpaGuard;
			};
			name = Release;
		};
/* End XCBuildConfiguration section */

/* Begin XCConfigurationList section */
		558301D5249ACAC200586057 /* Build configuration list for PBXProject "gpaGuard" */ = {
			isa = XCConfigurationList;
			buildConfigurations = (
				55830202249ACAC400586057 /* Debug */,
				55830203249ACAC400586057 /* Release */,
			);
			defaultConfigurationIsVisible = 0;
			defaultConfigurationName = Release;
		};
		55830204249ACAC400586057 /* Build configuration list for PBXNativeTarget "gpaGuard" */ = {
			isa = XCConfigurationList;
			buildConfigurations = (
				55830205249ACAC400586057 /* Debug */,
				55830206249ACAC400586057 /* Release */,
			);
			defaultConfigurationIsVisible = 0;
			defaultConfigurationName = Release;
		};
		55830207249ACAC400586057 /* Build configuration list for PBXNativeTarget "gpaGuardTests" */ = {
			isa = XCConfigurationList;
			buildConfigurations = (
				55830208249ACAC400586057 /* Debug */,
				55830209249ACAC400586057 /* Release */,
			);
			defaultConfigurationIsVisible = 0;
			defaultConfigurationName = Release;
		};
		5583020A249ACAC400586057 /* Build configuration list for PBXNativeTarget "gpaGuardUITests" */ = {
			isa = XCConfigurationList;
			buildConfigurations = (
				5583020B249ACAC400586057 /* Debug */,
				5583020C249ACAC400586057 /* Release */,
			);
			defaultConfigurationIsVisible = 0;
			defaultConfigurationName = Release;
		};
/* End XCConfigurationList section */
	};
	rootObject = 558301D2249ACAC200586057 /* Project object */;
}
